
Microsoft Visual Studio Solution File, Format Version 12.00
# Visual Studio Version 16
VisualStudioVersion = 16.0.32630.194
MinimumVisualStudioVersion = 10.0.40219.1
Project("{FAE04EC0-301F-11D3-BF4B-00C04F79EFBC}") = "FocusLogger", "FocusLogger.csproj", "{EBBABA64-5BFA-4037-AF72-7492D0A0CCB9}"
EndProject
Global
	GlobalSection(SolutionConfigurationPlatforms) = preSolution
		Debug|Any CPU = Debug|Any CPU
		Release|Any CPU = Release|Any CPU
	EndGlobalSection
	GlobalSection(ProjectConfigurationPlatforms) = postSolution
		{EBBABA64-5BFA-4037-AF72-7492D0A0CCB9}.Debug|Any CPU.ActiveCfg = Debug|Any CPU
		{EBBABA64-5BFA-4037-AF72-7492D0A0CCB9}.Debug|Any CPU.Build.0 = Debug|Any CPU
		{EBBABA64-5BFA-4037-AF72-7492D0A0CCB9}.Release|Any CPU.ActiveCfg = Release|Any CPU
		{EBBABA64-5BFA-4037-AF72-7492D0A0CCB9}.Release|Any CPU.Build.0 = Release|Any CPU
	EndGlobalSection
	GlobalSection(SolutionProperties) = preSolution
		HideSolutionNode = FALSE
	EndGlobalSection
	GlobalSection(ExtensibilityGlobals) = postSolution
		SolutionGuid = {5F1643D2-A398-496A-9D57-A5261808159F}
	EndGlobalSection
EndGlobal
