
Microsoft Visual Studio Solution File, Format Version 12.00
# Visual Studio Version 16
VisualStudioVersion = 16.0.32630.194
MinimumVisualStudioVersion = 10.0.40219.1
Project("{FAE04EC0-301F-11D3-BF4B-00C04F79EFBC}") = "FocusLogger", "FocusLogger\FocusLogger.csproj", "{DEE93A00-0F02-4365-9FBC-896AEF53CA4C}"
EndProject
Global
	GlobalSection(SolutionConfigurationPlatforms) = preSolution
		Debug|Any CPU = Debug|Any CPU
		Release|Any CPU = Release|Any CPU
	EndGlobalSection
	GlobalSection(ProjectConfigurationPlatforms) = postSolution
		{DEE93A00-0F02-4365-9FBC-896AEF53CA4C}.Debug|Any CPU.ActiveCfg = Debug|Any CPU
		{DEE93A00-0F02-4365-9FBC-896AEF53CA4C}.Debug|Any CPU.Build.0 = Debug|Any CPU
		{DEE93A00-0F02-4365-9FBC-896AEF53CA4C}.Release|Any CPU.ActiveCfg = Release|Any CPU
		{DEE93A00-0F02-4365-9FBC-896AEF53CA4C}.Release|Any CPU.Build.0 = Release|Any CPU
	EndGlobalSection
	GlobalSection(SolutionProperties) = preSolution
		HideSolutionNode = FALSE
	EndGlobalSection
	GlobalSection(ExtensibilityGlobals) = postSolution
		SolutionGuid = {852F7759-F51D-4BE5-9F75-313ABDD61927}
	EndGlobalSection
EndGlobal
